
Microsoft Visual Studio Solution File, Format Version 12.00
# Visual Studio Version 17
VisualStudioVersion = 17.8.34330.188
MinimumVisualStudioVersion = 10.0.40219.1
Project("{FAE04EC0-301F-11D3-BF4B-00C04F79EFBC}") = "ClassPROGRAM_UNIT2", "ClassPROGRAM_UNIT2\ClassPROGRAM_UNIT2.csproj", "{48EBC274-B753-4EAA-9A63-DEC187B1681D}"
EndProject
Global
	GlobalSection(SolutionConfigurationPlatforms) = preSolution
		Debug|Any CPU = Debug|Any CPU
		Release|Any CPU = Release|Any CPU
	EndGlobalSection
	GlobalSection(ProjectConfigurationPlatforms) = postSolution
		{48EBC274-B753-4EAA-9A63-DEC187B1681D}.Debug|Any CPU.ActiveCfg = Debug|Any CPU
		{48EBC274-B753-4EAA-9A63-DEC187B1681D}.Debug|Any CPU.Build.0 = Debug|Any CPU
		{48EBC274-B753-4EAA-9A63-DEC187B1681D}.Release|Any CPU.ActiveCfg = Release|Any CPU
		{48EBC274-B753-4EAA-9A63-DEC187B1681D}.Release|Any CPU.Build.0 = Release|Any CPU
	EndGlobalSection
	GlobalSection(SolutionProperties) = preSolution
		HideSolutionNode = FALSE
	EndGlobalSection
	GlobalSection(ExtensibilityGlobals) = postSolution
		SolutionGuid = {75368127-BC0A-418D-AC3B-700C8B9D1497}
	EndGlobalSection
EndGlobal
